
Microsoft Visual Studio Solution File, Format Version 12.00
# Visual Studio 15
VisualStudioVersion = 15.0.28010.2026
MinimumVisualStudioVersion = 10.0.40219.1
Project("{FAE04EC0-301F-11D3-BF4B-00C04F79EFBC}") = "TestsGenerator", "TestsGenerator\TestsGenerator.csproj", "{6415CB7C-9203-4916-9743-296690B429D8}"
EndProject
Global
	GlobalSection(SolutionConfigurationPlatforms) = preSolution
		Debug|Any CPU = Debug|Any CPU
		Release|Any CPU = Release|Any CPU
	EndGlobalSection
	GlobalSection(ProjectConfigurationPlatforms) = postSolution
		{6415CB7C-9203-4916-9743-296690B429D8}.Debug|Any CPU.ActiveCfg = Debug|Any CPU
		{6415CB7C-9203-4916-9743-296690B429D8}.Debug|Any CPU.Build.0 = Debug|Any CPU
		{6415CB7C-9203-4916-9743-296690B429D8}.Release|Any CPU.ActiveCfg = Release|Any CPU
		{6415CB7C-9203-4916-9743-296690B429D8}.Release|Any CPU.Build.0 = Release|Any CPU
	EndGlobalSection
	GlobalSection(SolutionProperties) = preSolution
		HideSolutionNode = FALSE
	EndGlobalSection
	GlobalSection(ExtensibilityGlobals) = postSolution
		SolutionGuid = {625BD955-1FEC-4167-B06E-749DA64598CF}
	EndGlobalSection
EndGlobal
